// !$*UTF8*$!
{
	archiveVersion = 1;
	classes = {
	};
	objectVersion = 55;
	objects = {

/* Begin PBXBuildFile section */
		8895DF502713CB4C00F3AA6E /* AppDelegate.swift in Sources */ = {isa = PBXBuildFile; fileRef = 8895DF4F2713CB4C00F3AA6E /* AppDelegate.swift */; };
		8895DF522713CB4C00F3AA6E /* SceneDelegate.swift in Sources */ = {isa = PBXBuildFile; fileRef = 8895DF512713CB4C00F3AA6E /* SceneDelegate.swift */; };
		8895DF542713CB4C00F3AA6E /* ViewController.swift in Sources */ = {isa = PBXBuildFile; fileRef = 8895DF532713CB4C00F3AA6E /* ViewController.swift */; };
		8895DF572713CB4C00F3AA6E /* Main.storyboard in Resources */ = {isa = PBXBuildFile; fileRef = 8895DF552713CB4C00F3AA6E /* Main.storyboard */; };
		8895DF592713CB4D00F3AA6E /* Assets.xcassets in Resources */ = {isa = PBXBuildFile; fileRef = 8895DF582713CB4D00F3AA6E /* Assets.xcassets */; };
		8895DF5C2713CB4D00F3AA6E /* LaunchScreen.storyboard in Resources */ = {isa = PBXBuildFile; fileRef = 8895DF5A2713CB4D00F3AA6E /* LaunchScreen.storyboard */; };
		8895DF642713CBDD00F3AA6E /* MyPlist.plist in Resources */ = {isa = PBXBuildFile; fileRef = 8895DF632713CBDD00F3AA6E /* MyPlist.plist */; };
/* End PBXBuildFile section */

/* Begin PBXFileReference section */
		8895DF4C2713CB4C00F3AA6E /* PlistTest.app */ = {isa = PBXFileReference; explicitFileType = wrapper.application; includeInIndex = 0; path = PlistTest.app; sourceTree = BUILT_PRODUCTS_DIR; };
		8895DF4F2713CB4C00F3AA6E /* AppDelegate.swift */ = {isa = PBXFileReference; lastKnownFileType = sourcecode.swift; path = AppDelegate.swift; sourceTree = "<group>"; };
		8895DF512713CB4C00F3AA6E /* SceneDelegate.swift */ = {isa = PBXFileReference; lastKnownFileType = sourcecode.swift; path = SceneDelegate.swift; sourceTree = "<group>"; };
		8895DF532713CB4C00F3AA6E /* ViewController.swift */ = {isa = PBXFileReference; lastKnownFileType = sourcecode.swift; path = ViewController.swift; sourceTree = "<group>"; };
		8895DF562713CB4C00F3AA6E /* Base */ = {isa = PBXFileReference; lastKnownFileType = file.storyboard; name = Base; path = Base.lproj/Main.storyboard; sourceTree = "<group>"; };
		8895DF582713CB4D00F3AA6E /* Assets.xcassets */ = {isa = PBXFileReference; lastKnownFileType = folder.assetcatalog; path = Assets.xcassets; sourceTree = "<group>"; };
		8895DF5B2713CB4D00F3AA6E /* Base */ = {isa = PBXFileReference; lastKnownFileType = file.storyboard; name = Base; path = Base.lproj/LaunchScreen.storyboard; sourceTree = "<group>"; };
		8895DF5D2713CB4D00F3AA6E /* Info.plist */ = {isa = PBXFileReference; lastKnownFileType = text.plist.xml; path = Info.plist; sourceTree = "<group>"; };
		8895DF632713CBDD00F3AA6E /* MyPlist.plist */ = {isa = PBXFileReference; lastKnownFileType = text.plist.xml; path = MyPlist.plist; sourceTree = "<group>"; };
/* End PBXFileReference section */

/* Begin PBXFrameworksBuildPhase section */
		8895DF492713CB4C00F3AA6E /* Frameworks */ = {
			isa = PBXFrameworksBuildPhase;
			buildActionMask = 2147483647;
			files = (
			);
			runOnlyForDeploymentPostprocessing = 0;
		};
/* End PBXFrameworksBuildPhase section */

/* Begin PBXGroup section */
		8895DF432713CB4C00F3AA6E = {
			isa = PBXGroup;
			children = (
				8895DF4E2713CB4C00F3AA6E /* PlistTest */,
				8895DF4D2713CB4C00F3AA6E /* Products */,
			);
			sourceTree = "<group>";
		};
		8895DF4D2713CB4C00F3AA6E /* Products */ = {
			isa = PBXGroup;
			children = (
				8895DF4C2713CB4C00F3AA6E /* PlistTest.app */,
			);
			name = Products;
			sourceTree = "<group>";
		};
		8895DF4E2713CB4C00F3AA6E /* PlistTest */ = {
			isa = PBXGroup;
			children = (
				8895DF4F2713CB4C00F3AA6E /* AppDelegate.swift */,
				8895DF512713CB4C00F3AA6E /* SceneDelegate.swift */,
				8895DF532713CB4C00F3AA6E /* ViewController.swift */,
				8895DF552713CB4C00F3AA6E /* Main.storyboard */,
				8895DF582713CB4D00F3AA6E /* Assets.xcassets */,
				8895DF5A2713CB4D00F3AA6E /* LaunchScreen.storyboard */,
				8895DF5D2713CB4D00F3AA6E /* Info.plist */,
				8895DF632713CBDD00F3AA6E /* MyPlist.plist */,
			);
			path = PlistTest;
			sourceTree = "<group>";
		};
/* End PBXGroup section */

/* Begin PBXNativeTarget section */
		8895DF4B2713CB4C00F3AA6E /* PlistTest */ = {
			isa = PBXNativeTarget;
			buildConfigurationList = 8895DF602713CB4D00F3AA6E /* Build configuration list for PBXNativeTarget "PlistTest" */;
			buildPhases = (
				8895DF482713CB4C00F3AA6E /* Sources */,
				8895DF492713CB4C00F3AA6E /* Frameworks */,
				8895DF4A2713CB4C00F3AA6E /* Resources */,
			);
			buildRules = (
			);
			dependencies = (
			);
			name = PlistTest;
			productName = PlistTest;
			productReference = 8895DF4C2713CB4C00F3AA6E /* PlistTest.app */;
			productType = "com.apple.product-type.application";
		};
/* End PBXNativeTarget section */

/* Begin PBXProject section */
		8895DF442713CB4C00F3AA6E /* Project object */ = {
			isa = PBXProject;
			attributes = {
				BuildIndependentTargetsInParallel = 1;
				LastSwiftUpdateCheck = 1300;
				LastUpgradeCheck = 1300;
				TargetAttributes = {
					8895DF4B2713CB4C00F3AA6E = {
						CreatedOnToolsVersion = 13.0;
					};
				};
			};
			buildConfigurationList = 8895DF472713CB4C00F3AA6E /* Build configuration list for PBXProject "PlistTest" */;
			compatibilityVersion = "Xcode 13.0";
			developmentRegion = en;
			hasScannedForEncodings = 0;
			knownRegions = (
				en,
				Base,
			);
			mainGroup = 8895DF432713CB4C00F3AA6E;
			productRefGroup = 8895DF4D2713CB4C00F3AA6E /* Products */;
			projectDirPath = "";
			projectRoot = "";
			targets = (
				8895DF4B2713CB4C00F3AA6E /* PlistTest */,
			);
		};
/* End PBXProject section */

/* Begin PBXResourcesBuildPhase section */
		8895DF4A2713CB4C00F3AA6E /* Resources */ = {
			isa = PBXResourcesBuildPhase;
			buildActionMask = 2147483647;
			files = (
				8895DF5C2713CB4D00F3AA6E /* LaunchScreen.storyboard in Resources */,
				8895DF642713CBDD00F3AA6E /* MyPlist.plist in Resources */,
				8895DF592713CB4D00F3AA6E /* Assets.xcassets in Resources */,
				8895DF572713CB4C00F3AA6E /* Main.storyboard in Resources */,
			);
			runOnlyForDeploymentPostprocessing = 0;
		};
/* End PBXResourcesBuildPhase section */

/* Begin PBXSourcesBuildPhase section */
		8895DF482713CB4C00F3AA6E /* Sources */ = {
			isa = PBXSourcesBuildPhase;
			buildActionMask = 2147483647;
			files = (
				8895DF542713CB4C00F3AA6E /* ViewController.swift in Sources */,
				8895DF502713CB4C00F3AA6E /* AppDelegate.swift in Sources */,
				8895DF522713CB4C00F3AA6E /* SceneDelegate.swift in Sources */,
			);
			runOnlyForDeploymentPostprocessing = 0;
		};
/* End PBXSourcesBuildPhase section */

/* Begin PBXVariantGroup section */
		8895DF552713CB4C00F3AA6E /* Main.storyboard */ = {
			isa = PBXVariantGroup;
			children = (
				8895DF562713CB4C00F3AA6E /* Base */,
			);
			name = Main.storyboard;
			sourceTree = "<group>";
		};
		8895DF5A2713CB4D00F3AA6E /* LaunchScreen.storyboard */ = {
			isa = PBXVariantGroup;
			children = (
				8895DF5B2713CB4D00F3AA6E /* Base */,
			);
			name = LaunchScreen.storyboard;
			sourceTree = "<group>";
		};
/* End PBXVariantGroup section */

/* Begin XCBuildConfiguration section */
		8895DF5E2713CB4D00F3AA6E /* Debug */ = {
			isa = XCBuildConfiguration;
			buildSettings = {
				ALWAYS_SEARCH_USER_PATHS = NO;
				CLANG_ANALYZER_NONNULL = YES;
				CLANG_ANALYZER_NUMBER_OBJECT_CONVERSION = YES_AGGRESSIVE;
				CLANG_CXX_LANGUAGE_STANDARD = "gnu++17";
				CLANG_CXX_LIBRARY = "libc++";
				CLANG_ENABLE_MODULES = YES;
				CLANG_ENABLE_OBJC_ARC = YES;
				CLANG_ENABLE_OBJC_WEAK = YES;
				CLANG_WARN_BLOCK_CAPTURE_AUTORELEASING = YES;
				CLANG_WARN_BOOL_CONVERSION = YES;
				CLANG_WARN_COMMA = YES;
				CLANG_WARN_CONSTANT_CONVERSION = YES;
				CLANG_WARN_DEPRECATED_OBJC_IMPLEMENTATIONS = YES;
				CLANG_WARN_DIRECT_OBJC_ISA_USAGE = YES_ERROR;
				CLANG_WARN_DOCUMENTATION_COMMENTS = YES;
				CLANG_WARN_EMPTY_BODY = YES;
				CLANG_WARN_ENUM_CONVERSION = YES;
				CLANG_WARN_INFINITE_RECURSION = YES;
				CLANG_WARN_INT_CONVERSION = YES;
				CLANG_WARN_NON_LITERAL_NULL_CONVERSION = YES;
				CLANG_WARN_OBJC_IMPLICIT_RETAIN_SELF = YES;
				CLANG_WARN_OBJC_LITERAL_CONVERSION = YES;
				CLANG_WARN_OBJC_ROOT_CLASS = YES_ERROR;
				CLANG_WARN_QUOTED_INCLUDE_IN_FRAMEWORK_HEADER = YES;
				CLANG_WARN_RANGE_LOOP_ANALYSIS = YES;
				CLANG_WARN_STRICT_PROTOTYPES = YES;
				CLANG_WARN_SUSPICIOUS_MOVE = YES;
				CLANG_WARN_UNGUARDED_AVAILABILITY = YES_AGGRESSIVE;
				CLANG_WARN_UNREACHABLE_CODE = YES;
				CLANG_WARN__DUPLICATE_METHOD_MATCH = YES;
				COPY_PHASE_STRIP = NO;
				DEBUG_INFORMATION_FORMAT = dwarf;
				ENABLE_STRICT_OBJC_MSGSEND = YES;
				ENABLE_TESTABILITY = YES;
				GCC_C_LANGUAGE_STANDARD = gnu11;
				GCC_DYNAMIC_NO_PIC = NO;
				GCC_NO_COMMON_BLOCKS = YES;
				GCC_OPTIMIZATION_LEVEL = 0;
				GCC_PREPROCESSOR_DEFINITIONS = (
					"DEBUG=1",
					"$(inherited)",
				);
				GCC_WARN_64_TO_32_BIT_CONVERSION = YES;
				GCC_WARN_ABOUT_RETURN_TYPE = YES_ERROR;
				GCC_WARN_UNDECLARED_SELECTOR = YES;
				GCC_WARN_UNINITIALIZED_AUTOS = YES_AGGRESSIVE;
				GCC_WARN_UNUSED_FUNCTION = YES;
				GCC_WARN_UNUSED_VARIABLE = YES;
				IPHONEOS_DEPLOYMENT_TARGET = 15.0;
				MTL_ENABLE_DEBUG_INFO = INCLUDE_SOURCE;
				MTL_FAST_MATH = YES;
				ONLY_ACTIVE_ARCH = YES;
				SDKROOT = iphoneos;
				SWIFT_ACTIVE_COMPILATION_CONDITIONS = DEBUG;
				SWIFT_OPTIMIZATION_LEVEL = "-Onone";
			};
			name = Debug;
		};
		8895DF5F2713CB4D00F3AA6E /* Release */ = {
			isa = XCBuildConfiguration;
			buildSettings = {
				ALWAYS_SEARCH_USER_PATHS = NO;
				CLANG_ANALYZER_NONNULL = YES;
				CLANG_ANALYZER_NUMBER_OBJECT_CONVERSION = YES_AGGRESSIVE;
				CLANG_CXX_LANGUAGE_STANDARD = "gnu++17";
				CLANG_CXX_LIBRARY = "libc++";
				CLANG_ENABLE_MODULES = YES;
				CLANG_ENABLE_OBJC_ARC = YES;
				CLANG_ENABLE_OBJC_WEAK = YES;
				CLANG_WARN_BLOCK_CAPTURE_AUTORELEASING = YES;
				CLANG_WARN_BOOL_CONVERSION = YES;
				CLANG_WARN_COMMA = YES;
				CLANG_WARN_CONSTANT_CONVERSION = YES;
				CLANG_WARN_DEPRECATED_OBJC_IMPLEMENTATIONS = YES;
				CLANG_WARN_DIRECT_OBJC_ISA_USAGE = YES_ERROR;
				CLANG_WARN_DOCUMENTATION_COMMENTS = YES;
				CLANG_WARN_EMPTY_BODY = YES;
				CLANG_WARN_ENUM_CONVERSION = YES;
				CLANG_WARN_INFINITE_RECURSION = YES;
				CLANG_WARN_INT_CONVERSION = YES;
				CLANG_WARN_NON_LITERAL_NULL_CONVERSION = YES;
				CLANG_WARN_OBJC_IMPLICIT_RETAIN_SELF = YES;
				CLANG_WARN_OBJC_LITERAL_CONVERSION = YES;
				CLANG_WARN_OBJC_ROOT_CLASS = YES_ERROR;
				CLANG_WARN_QUOTED_INCLUDE_IN_FRAMEWORK_HEADER = YES;
				CLANG_WARN_RANGE_LOOP_ANALYSIS = YES;
				CLANG_WARN_STRICT_PROTOTYPES = YES;
				CLANG_WARN_SUSPICIOUS_MOVE = YES;
				CLANG_WARN_UNGUARDED_AVAILABILITY = YES_AGGRESSIVE;
				CLANG_WARN_UNREACHABLE_CODE = YES;
				CLANG_WARN__DUPLICATE_METHOD_MATCH = YES;
				COPY_PHASE_STRIP = NO;
				DEBUG_INFORMATION_FORMAT = "dwarf-with-dsym";
				ENABLE_NS_ASSERTIONS = NO;
				ENABLE_STRICT_OBJC_MSGSEND = YES;
				GCC_C_LANGUAGE_STANDARD = gnu11;
				GCC_NO_COMMON_BLOCKS = YES;
				GCC_WARN_64_TO_32_BIT_CONVERSION = YES;
				GCC_WARN_ABOUT_RETURN_TYPE = YES_ERROR;
				GCC_WARN_UNDECLARED_SELECTOR = YES;
				GCC_WARN_UNINITIALIZED_AUTOS = YES_AGGRESSIVE;
				GCC_WARN_UNUSED_FUNCTION = YES;
				GCC_WARN_UNUSED_VARIABLE = YES;
				IPHONEOS_DEPLOYMENT_TARGET = 15.0;
				MTL_ENABLE_DEBUG_INFO = NO;
				MTL_FAST_MATH = YES;
				SDKROOT = iphoneos;
				SWIFT_COMPILATION_MODE = wholemodule;
				SWIFT_OPTIMIZATION_LEVEL = "-O";
				VALIDATE_PRODUCT = YES;
			};
			name = Release;
		};
		8895DF612713CB4D00F3AA6E /* Debug */ = {
			isa = XCBuildConfiguration;
			buildSettings = {
				ASSETCATALOG_COMPILER_APPICON_NAME = AppIcon;
				ASSETCATALOG_COMPILER_GLOBAL_ACCENT_COLOR_NAME = AccentColor;
				CODE_SIGN_STYLE = Automatic;
				CURRENT_PROJECT_VERSION = 1;
				DEVELOPMENT_TEAM = 5CNQ4G373R;
				GENERATE_INFOPLIST_FILE = YES;
				INFOPLIST_FILE = PlistTest/Info.plist;
				INFOPLIST_KEY_UIApplicationSupportsIndirectInputEvents = YES;
				INFOPLIST_KEY_UILaunchStoryboardName = LaunchScreen;
				INFOPLIST_KEY_UIMainStoryboardFile = Main;
				INFOPLIST_KEY_UISupportedInterfaceOrientations_iPad = "UIInterfaceOrientationPortrait UIInterfaceOrientationPortraitUpsideDown UIInterfaceOrientationLandscapeLeft UIInterfaceOrientationLandscapeRight";
				INFOPLIST_KEY_UISupportedInterfaceOrientations_iPhone = "UIInterfaceOrientationPortrait UIInterfaceOrientationLandscapeLeft UIInterfaceOrientationLandscapeRight";
				LD_RUNPATH_SEARCH_PATHS = (
					"$(inherited)",
					"@executable_path/Frameworks",
				);
				MARKETING_VERSION = 1.0;
				PRODUCT_BUNDLE_IDENTIFIER = com.gadfly1981.PlistTest;
				PRODUCT_NAME = "$(TARGET_NAME)";
				SWIFT_EMIT_LOC_STRINGS = YES;
				SWIFT_VERSION = 5.0;
				TARGETED_DEVICE_FAMILY = "1,2";
			};
			name = Debug;
		};
		8895DF622713CB4D00F3AA6E /* Release */ = {
			isa = XCBuildConfiguration;
			buildSettings = {
				ASSETCATALOG_COMPILER_APPICON_NAME = AppIcon;
				ASSETCATALOG_COMPILER_GLOBAL_ACCENT_COLOR_NAME = AccentColor;
				CODE_SIGN_STYLE = Automatic;
				CURRENT_PROJECT_VERSION = 1;
				DEVELOPMENT_TEAM = 5CNQ4G373R;
				GENERATE_INFOPLIST_FILE = YES;
				INFOPLIST_FILE = PlistTest/Info.plist;
				INFOPLIST_KEY_UIApplicationSupportsIndirectInputEvents = YES;
				INFOPLIST_KEY_UILaunchStoryboardName = LaunchScreen;
				INFOPLIST_KEY_UIMainStoryboardFile = Main;
				INFOPLIST_KEY_UISupportedInterfaceOrientations_iPad = "UIInterfaceOrientationPortrait UIInterfaceOrientationPortraitUpsideDown UIInterfaceOrientationLandscapeLeft UIInterfaceOrientationLandscapeRight";
				INFOPLIST_KEY_UISupportedInterfaceOrientations_iPhone = "UIInterfaceOrientationPortrait UIInterfaceOrientationLandscapeLeft UIInterfaceOrientationLandscapeRight";
				LD_RUNPATH_SEARCH_PATHS = (
					"$(inherited)",
					"@executable_path/Frameworks",
				);
				MARKETING_VERSION = 1.0;
				PRODUCT_BUNDLE_IDENTIFIER = com.gadfly1981.PlistTest;
				PRODUCT_NAME = "$(TARGET_NAME)";
				SWIFT_EMIT_LOC_STRINGS = YES;
				SWIFT_VERSION = 5.0;
				TARGETED_DEVICE_FAMILY = "1,2";
			};
			name = Release;
		};
/* End XCBuildConfiguration section */

/* Begin XCConfigurationList section */
		8895DF472713CB4C00F3AA6E /* Build configuration list for PBXProject "PlistTest" */ = {
			isa = XCConfigurationList;
			buildConfigurations = (
				8895DF5E2713CB4D00F3AA6E /* Debug */,
				8895DF5F2713CB4D00F3AA6E /* Release */,
			);
			defaultConfigurationIsVisible = 0;
			defaultConfigurationName = Release;
		};
		8895DF602713CB4D00F3AA6E /* Build configuration list for PBXNativeTarget "PlistTest" */ = {
			isa = XCConfigurationList;
			buildConfigurations = (
				8895DF612713CB4D00F3AA6E /* Debug */,
				8895DF622713CB4D00F3AA6E /* Release */,
			);
			defaultConfigurationIsVisible = 0;
			defaultConfigurationName = Release;
		};
/* End XCConfigurationList section */
	};
	rootObject = 8895DF442713CB4C00F3AA6E /* Project object */;
}
