// !$*UTF8*$!
{
	archiveVersion = 1;
	classes = {
	};
	objectVersion = 55;
	objects = {

/* Begin PBXBuildFile section */
		8858F2752726AE7300303D76 /* AppDelegate.swift in Sources */ = {isa = PBXBuildFile; fileRef = 8858F2742726AE7300303D76 /* AppDelegate.swift */; };
		8858F2772726AE7300303D76 /* SceneDelegate.swift in Sources */ = {isa = PBXBuildFile; fileRef = 8858F2762726AE7300303D76 /* SceneDelegate.swift */; };
		8858F2792726AE7300303D76 /* ViewController.swift in Sources */ = {isa = PBXBuildFile; fileRef = 8858F2782726AE7300303D76 /* ViewController.swift */; };
		8858F27C2726AE7300303D76 /* Main.storyboard in Resources */ = {isa = PBXBuildFile; fileRef = 8858F27A2726AE7300303D76 /* Main.storyboard */; };
		8858F27E2726AE7500303D76 /* Assets.xcassets in Resources */ = {isa = PBXBuildFile; fileRef = 8858F27D2726AE7500303D76 /* Assets.xcassets */; };
		8858F2812726AE7500303D76 /* LaunchScreen.storyboard in Resources */ = {isa = PBXBuildFile; fileRef = 8858F27F2726AE7500303D76 /* LaunchScreen.storyboard */; };
		8858F28F2726B74000303D76 /* note4.wav in Resources */ = {isa = PBXBuildFile; fileRef = 8858F2882726B74000303D76 /* note4.wav */; };
		8858F2902726B74000303D76 /* note5.wav in Resources */ = {isa = PBXBuildFile; fileRef = 8858F2892726B74000303D76 /* note5.wav */; };
		8858F2912726B74000303D76 /* note7.wav in Resources */ = {isa = PBXBuildFile; fileRef = 8858F28A2726B74000303D76 /* note7.wav */; };
		8858F2922726B74000303D76 /* note3.wav in Resources */ = {isa = PBXBuildFile; fileRef = 8858F28B2726B74000303D76 /* note3.wav */; };
		8858F2932726B74000303D76 /* note1.wav in Resources */ = {isa = PBXBuildFile; fileRef = 8858F28C2726B74000303D76 /* note1.wav */; };
		8858F2942726B74000303D76 /* note6.wav in Resources */ = {isa = PBXBuildFile; fileRef = 8858F28D2726B74000303D76 /* note6.wav */; };
		8858F2952726B74000303D76 /* note2.wav in Resources */ = {isa = PBXBuildFile; fileRef = 8858F28E2726B74000303D76 /* note2.wav */; };
/* End PBXBuildFile section */

/* Begin PBXFileReference section */
		8858F2712726AE7300303D76 /* xylophone.app */ = {isa = PBXFileReference; explicitFileType = wrapper.application; includeInIndex = 0; path = xylophone.app; sourceTree = BUILT_PRODUCTS_DIR; };
		8858F2742726AE7300303D76 /* AppDelegate.swift */ = {isa = PBXFileReference; lastKnownFileType = sourcecode.swift; path = AppDelegate.swift; sourceTree = "<group>"; };
		8858F2762726AE7300303D76 /* SceneDelegate.swift */ = {isa = PBXFileReference; lastKnownFileType = sourcecode.swift; path = SceneDelegate.swift; sourceTree = "<group>"; };
		8858F2782726AE7300303D76 /* ViewController.swift */ = {isa = PBXFileReference; lastKnownFileType = sourcecode.swift; path = ViewController.swift; sourceTree = "<group>"; };
		8858F27B2726AE7300303D76 /* Base */ = {isa = PBXFileReference; lastKnownFileType = file.storyboard; name = Base; path = Base.lproj/Main.storyboard; sourceTree = "<group>"; };
		8858F27D2726AE7500303D76 /* Assets.xcassets */ = {isa = PBXFileReference; lastKnownFileType = folder.assetcatalog; path = Assets.xcassets; sourceTree = "<group>"; };
		8858F2802726AE7500303D76 /* Base */ = {isa = PBXFileReference; lastKnownFileType = file.storyboard; name = Base; path = Base.lproj/LaunchScreen.storyboard; sourceTree = "<group>"; };
		8858F2822726AE7500303D76 /* Info.plist */ = {isa = PBXFileReference; lastKnownFileType = text.plist.xml; path = Info.plist; sourceTree = "<group>"; };
		8858F2882726B74000303D76 /* note4.wav */ = {isa = PBXFileReference; lastKnownFileType = audio.wav; path = note4.wav; sourceTree = "<group>"; };
		8858F2892726B74000303D76 /* note5.wav */ = {isa = PBXFileReference; lastKnownFileType = audio.wav; path = note5.wav; sourceTree = "<group>"; };
		8858F28A2726B74000303D76 /* note7.wav */ = {isa = PBXFileReference; lastKnownFileType = audio.wav; path = note7.wav; sourceTree = "<group>"; };
		8858F28B2726B74000303D76 /* note3.wav */ = {isa = PBXFileReference; lastKnownFileType = audio.wav; path = note3.wav; sourceTree = "<group>"; };
		8858F28C2726B74000303D76 /* note1.wav */ = {isa = PBXFileReference; lastKnownFileType = audio.wav; path = note1.wav; sourceTree = "<group>"; };
		8858F28D2726B74000303D76 /* note6.wav */ = {isa = PBXFileReference; lastKnownFileType = audio.wav; path = note6.wav; sourceTree = "<group>"; };
		8858F28E2726B74000303D76 /* note2.wav */ = {isa = PBXFileReference; lastKnownFileType = audio.wav; path = note2.wav; sourceTree = "<group>"; };
/* End PBXFileReference section */

/* Begin PBXFrameworksBuildPhase section */
		8858F26E2726AE7300303D76 /* Frameworks */ = {
			isa = PBXFrameworksBuildPhase;
			buildActionMask = 2147483647;
			files = (
			);
			runOnlyForDeploymentPostprocessing = 0;
		};
/* End PBXFrameworksBuildPhase section */

/* Begin PBXGroup section */
		8858F2682726AE7300303D76 = {
			isa = PBXGroup;
			children = (
				8858F2732726AE7300303D76 /* xylophone */,
				8858F2722726AE7300303D76 /* Products */,
			);
			sourceTree = "<group>";
		};
		8858F2722726AE7300303D76 /* Products */ = {
			isa = PBXGroup;
			children = (
				8858F2712726AE7300303D76 /* xylophone.app */,
			);
			name = Products;
			sourceTree = "<group>";
		};
		8858F2732726AE7300303D76 /* xylophone */ = {
			isa = PBXGroup;
			children = (
				8858F28C2726B74000303D76 /* note1.wav */,
				8858F28E2726B74000303D76 /* note2.wav */,
				8858F28B2726B74000303D76 /* note3.wav */,
				8858F2882726B74000303D76 /* note4.wav */,
				8858F2892726B74000303D76 /* note5.wav */,
				8858F28D2726B74000303D76 /* note6.wav */,
				8858F28A2726B74000303D76 /* note7.wav */,
				8858F2742726AE7300303D76 /* AppDelegate.swift */,
				8858F2762726AE7300303D76 /* SceneDelegate.swift */,
				8858F2782726AE7300303D76 /* ViewController.swift */,
				8858F27A2726AE7300303D76 /* Main.storyboard */,
				8858F27D2726AE7500303D76 /* Assets.xcassets */,
				8858F27F2726AE7500303D76 /* LaunchScreen.storyboard */,
				8858F2822726AE7500303D76 /* Info.plist */,
			);
			path = xylophone;
			sourceTree = "<group>";
		};
/* End PBXGroup section */

/* Begin PBXNativeTarget section */
		8858F2702726AE7300303D76 /* xylophone */ = {
			isa = PBXNativeTarget;
			buildConfigurationList = 8858F2852726AE7500303D76 /* Build configuration list for PBXNativeTarget "xylophone" */;
			buildPhases = (
				8858F26D2726AE7300303D76 /* Sources */,
				8858F26E2726AE7300303D76 /* Frameworks */,
				8858F26F2726AE7300303D76 /* Resources */,
			);
			buildRules = (
			);
			dependencies = (
			);
			name = xylophone;
			productName = xylophone;
			productReference = 8858F2712726AE7300303D76 /* xylophone.app */;
			productType = "com.apple.product-type.application";
		};
/* End PBXNativeTarget section */

/* Begin PBXProject section */
		8858F2692726AE7300303D76 /* Project object */ = {
			isa = PBXProject;
			attributes = {
				BuildIndependentTargetsInParallel = 1;
				LastSwiftUpdateCheck = 1300;
				LastUpgradeCheck = 1300;
				TargetAttributes = {
					8858F2702726AE7300303D76 = {
						CreatedOnToolsVersion = 13.0;
					};
				};
			};
			buildConfigurationList = 8858F26C2726AE7300303D76 /* Build configuration list for PBXProject "xylophone" */;
			compatibilityVersion = "Xcode 13.0";
			developmentRegion = en;
			hasScannedForEncodings = 0;
			knownRegions = (
				en,
				Base,
			);
			mainGroup = 8858F2682726AE7300303D76;
			productRefGroup = 8858F2722726AE7300303D76 /* Products */;
			projectDirPath = "";
			projectRoot = "";
			targets = (
				8858F2702726AE7300303D76 /* xylophone */,
			);
		};
/* End PBXProject section */

/* Begin PBXResourcesBuildPhase section */
		8858F26F2726AE7300303D76 /* Resources */ = {
			isa = PBXResourcesBuildPhase;
			buildActionMask = 2147483647;
			files = (
				8858F2942726B74000303D76 /* note6.wav in Resources */,
				8858F2952726B74000303D76 /* note2.wav in Resources */,
				8858F2912726B74000303D76 /* note7.wav in Resources */,
				8858F2902726B74000303D76 /* note5.wav in Resources */,
				8858F2812726AE7500303D76 /* LaunchScreen.storyboard in Resources */,
				8858F27E2726AE7500303D76 /* Assets.xcassets in Resources */,
				8858F2932726B74000303D76 /* note1.wav in Resources */,
				8858F27C2726AE7300303D76 /* Main.storyboard in Resources */,
				8858F2922726B74000303D76 /* note3.wav in Resources */,
				8858F28F2726B74000303D76 /* note4.wav in Resources */,
			);
			runOnlyForDeploymentPostprocessing = 0;
		};
/* End PBXResourcesBuildPhase section */

/* Begin PBXSourcesBuildPhase section */
		8858F26D2726AE7300303D76 /* Sources */ = {
			isa = PBXSourcesBuildPhase;
			buildActionMask = 2147483647;
			files = (
				8858F2792726AE7300303D76 /* ViewController.swift in Sources */,
				8858F2752726AE7300303D76 /* AppDelegate.swift in Sources */,
				8858F2772726AE7300303D76 /* SceneDelegate.swift in Sources */,
			);
			runOnlyForDeploymentPostprocessing = 0;
		};
/* End PBXSourcesBuildPhase section */

/* Begin PBXVariantGroup section */
		8858F27A2726AE7300303D76 /* Main.storyboard */ = {
			isa = PBXVariantGroup;
			children = (
				8858F27B2726AE7300303D76 /* Base */,
			);
			name = Main.storyboard;
			sourceTree = "<group>";
		};
		8858F27F2726AE7500303D76 /* LaunchScreen.storyboard */ = {
			isa = PBXVariantGroup;
			children = (
				8858F2802726AE7500303D76 /* Base */,
			);
			name = LaunchScreen.storyboard;
			sourceTree = "<group>";
		};
/* End PBXVariantGroup section */

/* Begin XCBuildConfiguration section */
		8858F2832726AE7500303D76 /* Debug */ = {
			isa = XCBuildConfiguration;
			buildSettings = {
				ALWAYS_SEARCH_USER_PATHS = NO;
				CLANG_ANALYZER_NONNULL = YES;
				CLANG_ANALYZER_NUMBER_OBJECT_CONVERSION = YES_AGGRESSIVE;
				CLANG_CXX_LANGUAGE_STANDARD = "gnu++17";
				CLANG_CXX_LIBRARY = "libc++";
				CLANG_ENABLE_MODULES = YES;
				CLANG_ENABLE_OBJC_ARC = YES;
				CLANG_ENABLE_OBJC_WEAK = YES;
				CLANG_WARN_BLOCK_CAPTURE_AUTORELEASING = YES;
				CLANG_WARN_BOOL_CONVERSION = YES;
				CLANG_WARN_COMMA = YES;
				CLANG_WARN_CONSTANT_CONVERSION = YES;
				CLANG_WARN_DEPRECATED_OBJC_IMPLEMENTATIONS = YES;
				CLANG_WARN_DIRECT_OBJC_ISA_USAGE = YES_ERROR;
				CLANG_WARN_DOCUMENTATION_COMMENTS = YES;
				CLANG_WARN_EMPTY_BODY = YES;
				CLANG_WARN_ENUM_CONVERSION = YES;
				CLANG_WARN_INFINITE_RECURSION = YES;
				CLANG_WARN_INT_CONVERSION = YES;
				CLANG_WARN_NON_LITERAL_NULL_CONVERSION = YES;
				CLANG_WARN_OBJC_IMPLICIT_RETAIN_SELF = YES;
				CLANG_WARN_OBJC_LITERAL_CONVERSION = YES;
				CLANG_WARN_OBJC_ROOT_CLASS = YES_ERROR;
				CLANG_WARN_QUOTED_INCLUDE_IN_FRAMEWORK_HEADER = YES;
				CLANG_WARN_RANGE_LOOP_ANALYSIS = YES;
				CLANG_WARN_STRICT_PROTOTYPES = YES;
				CLANG_WARN_SUSPICIOUS_MOVE = YES;
				CLANG_WARN_UNGUARDED_AVAILABILITY = YES_AGGRESSIVE;
				CLANG_WARN_UNREACHABLE_CODE = YES;
				CLANG_WARN__DUPLICATE_METHOD_MATCH = YES;
				COPY_PHASE_STRIP = NO;
				DEBUG_INFORMATION_FORMAT = dwarf;
				ENABLE_STRICT_OBJC_MSGSEND = YES;
				ENABLE_TESTABILITY = YES;
				GCC_C_LANGUAGE_STANDARD = gnu11;
				GCC_DYNAMIC_NO_PIC = NO;
				GCC_NO_COMMON_BLOCKS = YES;
				GCC_OPTIMIZATION_LEVEL = 0;
				GCC_PREPROCESSOR_DEFINITIONS = (
					"DEBUG=1",
					"$(inherited)",
				);
				GCC_WARN_64_TO_32_BIT_CONVERSION = YES;
				GCC_WARN_ABOUT_RETURN_TYPE = YES_ERROR;
				GCC_WARN_UNDECLARED_SELECTOR = YES;
				GCC_WARN_UNINITIALIZED_AUTOS = YES_AGGRESSIVE;
				GCC_WARN_UNUSED_FUNCTION = YES;
				GCC_WARN_UNUSED_VARIABLE = YES;
				IPHONEOS_DEPLOYMENT_TARGET = 15.0;
				MTL_ENABLE_DEBUG_INFO = INCLUDE_SOURCE;
				MTL_FAST_MATH = YES;
				ONLY_ACTIVE_ARCH = YES;
				SDKROOT = iphoneos;
				SWIFT_ACTIVE_COMPILATION_CONDITIONS = DEBUG;
				SWIFT_OPTIMIZATION_LEVEL = "-Onone";
			};
			name = Debug;
		};
		8858F2842726AE7500303D76 /* Release */ = {
			isa = XCBuildConfiguration;
			buildSettings = {
				ALWAYS_SEARCH_USER_PATHS = NO;
				CLANG_ANALYZER_NONNULL = YES;
				CLANG_ANALYZER_NUMBER_OBJECT_CONVERSION = YES_AGGRESSIVE;
				CLANG_CXX_LANGUAGE_STANDARD = "gnu++17";
				CLANG_CXX_LIBRARY = "libc++";
				CLANG_ENABLE_MODULES = YES;
				CLANG_ENABLE_OBJC_ARC = YES;
				CLANG_ENABLE_OBJC_WEAK = YES;
				CLANG_WARN_BLOCK_CAPTURE_AUTORELEASING = YES;
				CLANG_WARN_BOOL_CONVERSION = YES;
				CLANG_WARN_COMMA = YES;
				CLANG_WARN_CONSTANT_CONVERSION = YES;
				CLANG_WARN_DEPRECATED_OBJC_IMPLEMENTATIONS = YES;
				CLANG_WARN_DIRECT_OBJC_ISA_USAGE = YES_ERROR;
				CLANG_WARN_DOCUMENTATION_COMMENTS = YES;
				CLANG_WARN_EMPTY_BODY = YES;
				CLANG_WARN_ENUM_CONVERSION = YES;
				CLANG_WARN_INFINITE_RECURSION = YES;
				CLANG_WARN_INT_CONVERSION = YES;
				CLANG_WARN_NON_LITERAL_NULL_CONVERSION = YES;
				CLANG_WARN_OBJC_IMPLICIT_RETAIN_SELF = YES;
				CLANG_WARN_OBJC_LITERAL_CONVERSION = YES;
				CLANG_WARN_OBJC_ROOT_CLASS = YES_ERROR;
				CLANG_WARN_QUOTED_INCLUDE_IN_FRAMEWORK_HEADER = YES;
				CLANG_WARN_RANGE_LOOP_ANALYSIS = YES;
				CLANG_WARN_STRICT_PROTOTYPES = YES;
				CLANG_WARN_SUSPICIOUS_MOVE = YES;
				CLANG_WARN_UNGUARDED_AVAILABILITY = YES_AGGRESSIVE;
				CLANG_WARN_UNREACHABLE_CODE = YES;
				CLANG_WARN__DUPLICATE_METHOD_MATCH = YES;
				COPY_PHASE_STRIP = NO;
				DEBUG_INFORMATION_FORMAT = "dwarf-with-dsym";
				ENABLE_NS_ASSERTIONS = NO;
				ENABLE_STRICT_OBJC_MSGSEND = YES;
				GCC_C_LANGUAGE_STANDARD = gnu11;
				GCC_NO_COMMON_BLOCKS = YES;
				GCC_WARN_64_TO_32_BIT_CONVERSION = YES;
				GCC_WARN_ABOUT_RETURN_TYPE = YES_ERROR;
				GCC_WARN_UNDECLARED_SELECTOR = YES;
				GCC_WARN_UNINITIALIZED_AUTOS = YES_AGGRESSIVE;
				GCC_WARN_UNUSED_FUNCTION = YES;
				GCC_WARN_UNUSED_VARIABLE = YES;
				IPHONEOS_DEPLOYMENT_TARGET = 15.0;
				MTL_ENABLE_DEBUG_INFO = NO;
				MTL_FAST_MATH = YES;
				SDKROOT = iphoneos;
				SWIFT_COMPILATION_MODE = wholemodule;
				SWIFT_OPTIMIZATION_LEVEL = "-O";
				VALIDATE_PRODUCT = YES;
			};
			name = Release;
		};
		8858F2862726AE7500303D76 /* Debug */ = {
			isa = XCBuildConfiguration;
			buildSettings = {
				ASSETCATALOG_COMPILER_APPICON_NAME = AppIcon;
				ASSETCATALOG_COMPILER_GLOBAL_ACCENT_COLOR_NAME = AccentColor;
				CODE_SIGN_STYLE = Automatic;
				CURRENT_PROJECT_VERSION = 1;
				DEVELOPMENT_TEAM = 5CNQ4G373R;
				GENERATE_INFOPLIST_FILE = YES;
				INFOPLIST_FILE = xylophone/Info.plist;
				INFOPLIST_KEY_UIApplicationSupportsIndirectInputEvents = YES;
				INFOPLIST_KEY_UILaunchStoryboardName = LaunchScreen;
				INFOPLIST_KEY_UIMainStoryboardFile = Main;
				INFOPLIST_KEY_UISupportedInterfaceOrientations_iPad = "UIInterfaceOrientationPortrait UIInterfaceOrientationPortraitUpsideDown UIInterfaceOrientationLandscapeLeft UIInterfaceOrientationLandscapeRight";
				INFOPLIST_KEY_UISupportedInterfaceOrientations_iPhone = "UIInterfaceOrientationPortrait UIInterfaceOrientationLandscapeLeft UIInterfaceOrientationLandscapeRight";
				LD_RUNPATH_SEARCH_PATHS = (
					"$(inherited)",
					"@executable_path/Frameworks",
				);
				MARKETING_VERSION = 1.0;
				PRODUCT_BUNDLE_IDENTIFIER = com.gadfly1981.xylophone;
				PRODUCT_NAME = "$(TARGET_NAME)";
				SWIFT_EMIT_LOC_STRINGS = YES;
				SWIFT_VERSION = 5.0;
				TARGETED_DEVICE_FAMILY = "1,2";
			};
			name = Debug;
		};
		8858F2872726AE7500303D76 /* Release */ = {
			isa = XCBuildConfiguration;
			buildSettings = {
				ASSETCATALOG_COMPILER_APPICON_NAME = AppIcon;
				ASSETCATALOG_COMPILER_GLOBAL_ACCENT_COLOR_NAME = AccentColor;
				CODE_SIGN_STYLE = Automatic;
				CURRENT_PROJECT_VERSION = 1;
				DEVELOPMENT_TEAM = 5CNQ4G373R;
				GENERATE_INFOPLIST_FILE = YES;
				INFOPLIST_FILE = xylophone/Info.plist;
				INFOPLIST_KEY_UIApplicationSupportsIndirectInputEvents = YES;
				INFOPLIST_KEY_UILaunchStoryboardName = LaunchScreen;
				INFOPLIST_KEY_UIMainStoryboardFile = Main;
				INFOPLIST_KEY_UISupportedInterfaceOrientations_iPad = "UIInterfaceOrientationPortrait UIInterfaceOrientationPortraitUpsideDown UIInterfaceOrientationLandscapeLeft UIInterfaceOrientationLandscapeRight";
				INFOPLIST_KEY_UISupportedInterfaceOrientations_iPhone = "UIInterfaceOrientationPortrait UIInterfaceOrientationLandscapeLeft UIInterfaceOrientationLandscapeRight";
				LD_RUNPATH_SEARCH_PATHS = (
					"$(inherited)",
					"@executable_path/Frameworks",
				);
				MARKETING_VERSION = 1.0;
				PRODUCT_BUNDLE_IDENTIFIER = com.gadfly1981.xylophone;
				PRODUCT_NAME = "$(TARGET_NAME)";
				SWIFT_EMIT_LOC_STRINGS = YES;
				SWIFT_VERSION = 5.0;
				TARGETED_DEVICE_FAMILY = "1,2";
			};
			name = Release;
		};
/* End XCBuildConfiguration section */

/* Begin XCConfigurationList section */
		8858F26C2726AE7300303D76 /* Build configuration list for PBXProject "xylophone" */ = {
			isa = XCConfigurationList;
			buildConfigurations = (
				8858F2832726AE7500303D76 /* Debug */,
				8858F2842726AE7500303D76 /* Release */,
			);
			defaultConfigurationIsVisible = 0;
			defaultConfigurationName = Release;
		};
		8858F2852726AE7500303D76 /* Build configuration list for PBXNativeTarget "xylophone" */ = {
			isa = XCConfigurationList;
			buildConfigurations = (
				8858F2862726AE7500303D76 /* Debug */,
				8858F2872726AE7500303D76 /* Release */,
			);
			defaultConfigurationIsVisible = 0;
			defaultConfigurationName = Release;
		};
/* End XCConfigurationList section */
	};
	rootObject = 8858F2692726AE7300303D76 /* Project object */;
}
